
Microsoft Visual Studio Solution File, Format Version 12.00
# Visual Studio Version 16
VisualStudioVersion = 16.0.30204.135
MinimumVisualStudioVersion = 10.0.40219.1
Project("{FAE04EC0-301F-11D3-BF4B-00C04F79EFBC}") = "KantorWCF", "KantorWCF\KantorWCF.csproj", "{588B5FD7-0C81-410D-8349-7C3CC455FC95}"
EndProject
Project("{00D1A9C2-B5F0-4AF3-8072-F6C62B433612}") = "DatabaseKantor", "DatabaseKantor\DatabaseKantor.sqlproj", "{16F7B192-6E40-408E-ABFB-61C51876469C}"
EndProject
Global
	GlobalSection(SolutionConfigurationPlatforms) = preSolution
		Debug|Any CPU = Debug|Any CPU
		Release|Any CPU = Release|Any CPU
	EndGlobalSection
	GlobalSection(ProjectConfigurationPlatforms) = postSolution
		{588B5FD7-0C81-410D-8349-7C3CC455FC95}.Debug|Any CPU.ActiveCfg = Debug|Any CPU
		{588B5FD7-0C81-410D-8349-7C3CC455FC95}.Debug|Any CPU.Build.0 = Debug|Any CPU
		{588B5FD7-0C81-410D-8349-7C3CC455FC95}.Release|Any CPU.ActiveCfg = Release|Any CPU
		{588B5FD7-0C81-410D-8349-7C3CC455FC95}.Release|Any CPU.Build.0 = Release|Any CPU
		{16F7B192-6E40-408E-ABFB-61C51876469C}.Debug|Any CPU.ActiveCfg = Debug|Any CPU
		{16F7B192-6E40-408E-ABFB-61C51876469C}.Debug|Any CPU.Build.0 = Debug|Any CPU
		{16F7B192-6E40-408E-ABFB-61C51876469C}.Debug|Any CPU.Deploy.0 = Debug|Any CPU
		{16F7B192-6E40-408E-ABFB-61C51876469C}.Release|Any CPU.ActiveCfg = Release|Any CPU
		{16F7B192-6E40-408E-ABFB-61C51876469C}.Release|Any CPU.Build.0 = Release|Any CPU
		{16F7B192-6E40-408E-ABFB-61C51876469C}.Release|Any CPU.Deploy.0 = Release|Any CPU
	EndGlobalSection
	GlobalSection(SolutionProperties) = preSolution
		HideSolutionNode = FALSE
	EndGlobalSection
	GlobalSection(ExtensibilityGlobals) = postSolution
		SolutionGuid = {2D832808-F323-4166-91AD-A63F33E7F4C5}
	EndGlobalSection
EndGlobal
